
Microsoft Visual Studio Solution File, Format Version 12.00
# Visual Studio Version 17
VisualStudioVersion = 17.9.34701.34
MinimumVisualStudioVersion = 10.0.40219.1
Project("{9A19103F-16F7-4668-BE54-9A1E7A4F7556}") = "VFXChallenge", "VFXChallenge.csproj", "{C97A7BFE-797B-4332-8C56-8D64439D8395}"
EndProject
Project("{9A19103F-16F7-4668-BE54-9A1E7A4F7556}") = "VFXChallenge.Test", "..\VFXChallenge.Test\VFXChallenge.Test.csproj", "{4531A5EB-2761-48B6-88D3-B8B2D5BB6BB5}"
EndProject
Global
	GlobalSection(SolutionConfigurationPlatforms) = preSolution
		Debug|Any CPU = Debug|Any CPU
		Release|Any CPU = Release|Any CPU
	EndGlobalSection
	GlobalSection(ProjectConfigurationPlatforms) = postSolution
		{C97A7BFE-797B-4332-8C56-8D64439D8395}.Debug|Any CPU.ActiveCfg = Debug|Any CPU
		{C97A7BFE-797B-4332-8C56-8D64439D8395}.Debug|Any CPU.Build.0 = Debug|Any CPU
		{C97A7BFE-797B-4332-8C56-8D64439D8395}.Release|Any CPU.ActiveCfg = Release|Any CPU
		{C97A7BFE-797B-4332-8C56-8D64439D8395}.Release|Any CPU.Build.0 = Release|Any CPU
		{4531A5EB-2761-48B6-88D3-B8B2D5BB6BB5}.Debug|Any CPU.ActiveCfg = Debug|Any CPU
		{4531A5EB-2761-48B6-88D3-B8B2D5BB6BB5}.Debug|Any CPU.Build.0 = Debug|Any CPU
		{4531A5EB-2761-48B6-88D3-B8B2D5BB6BB5}.Release|Any CPU.ActiveCfg = Release|Any CPU
		{4531A5EB-2761-48B6-88D3-B8B2D5BB6BB5}.Release|Any CPU.Build.0 = Release|Any CPU
	EndGlobalSection
	GlobalSection(SolutionProperties) = preSolution
		HideSolutionNode = FALSE
	EndGlobalSection
	GlobalSection(ExtensibilityGlobals) = postSolution
		SolutionGuid = {C3F2DBD1-74DD-43AD-83C8-D8F7D998F242}
	EndGlobalSection
EndGlobal
